
Microsoft Visual Studio Solution File, Format Version 12.00
# Visual Studio Version 17
VisualStudioVersion = 17.3.32611.2
MinimumVisualStudioVersion = 10.0.40219.1
Project("{9A19103F-16F7-4668-BE54-9A1E7A4F7556}") = "TripPinApi.Console", "TripinApi.Console\TripPinApi.Console.csproj", "{A181D4E8-7D5C-4387-8529-6FFFF9FB7BC4}"
EndProject
Project("{9A19103F-16F7-4668-BE54-9A1E7A4F7556}") = "TripPinApi.Services", "TrippinApi.PeopleService\TripPinApi.Services.csproj", "{033FE157-A139-4329-B8EA-0380B75855B3}"
EndProject
Project("{2150E333-8FDC-42A3-9474-1A3956D46DE8}") = "Solution Items", "Solution Items", "{6F47934B-80FA-4D11-B2DD-2225F58E667D}"
	ProjectSection(SolutionItems) = preProject
		LICENSE.txt = LICENSE.txt
		README.md = README.md
	EndProjectSection
EndProject
Project("{FAE04EC0-301F-11D3-BF4B-00C04F79EFBC}") = "TripPinApi.Services.Tests", "TripPinApi.Services.Tests\TripPinApi.Services.Tests.csproj", "{AB144EFD-3A5A-452E-949B-3FBBF4BA04F8}"
EndProject
Global
	GlobalSection(SolutionConfigurationPlatforms) = preSolution
		Debug|Any CPU = Debug|Any CPU
		Release|Any CPU = Release|Any CPU
	EndGlobalSection
	GlobalSection(ProjectConfigurationPlatforms) = postSolution
		{A181D4E8-7D5C-4387-8529-6FFFF9FB7BC4}.Debug|Any CPU.ActiveCfg = Debug|Any CPU
		{A181D4E8-7D5C-4387-8529-6FFFF9FB7BC4}.Debug|Any CPU.Build.0 = Debug|Any CPU
		{A181D4E8-7D5C-4387-8529-6FFFF9FB7BC4}.Release|Any CPU.ActiveCfg = Release|Any CPU
		{A181D4E8-7D5C-4387-8529-6FFFF9FB7BC4}.Release|Any CPU.Build.0 = Release|Any CPU
		{033FE157-A139-4329-B8EA-0380B75855B3}.Debug|Any CPU.ActiveCfg = Debug|Any CPU
		{033FE157-A139-4329-B8EA-0380B75855B3}.Debug|Any CPU.Build.0 = Debug|Any CPU
		{033FE157-A139-4329-B8EA-0380B75855B3}.Release|Any CPU.ActiveCfg = Release|Any CPU
		{033FE157-A139-4329-B8EA-0380B75855B3}.Release|Any CPU.Build.0 = Release|Any CPU
		{AB144EFD-3A5A-452E-949B-3FBBF4BA04F8}.Debug|Any CPU.ActiveCfg = Debug|Any CPU
		{AB144EFD-3A5A-452E-949B-3FBBF4BA04F8}.Debug|Any CPU.Build.0 = Debug|Any CPU
		{AB144EFD-3A5A-452E-949B-3FBBF4BA04F8}.Release|Any CPU.ActiveCfg = Release|Any CPU
		{AB144EFD-3A5A-452E-949B-3FBBF4BA04F8}.Release|Any CPU.Build.0 = Release|Any CPU
	EndGlobalSection
	GlobalSection(SolutionProperties) = preSolution
		HideSolutionNode = FALSE
	EndGlobalSection
	GlobalSection(ExtensibilityGlobals) = postSolution
		SolutionGuid = {79F6E055-475A-47EE-8669-BC962298044A}
	EndGlobalSection
EndGlobal
