
Microsoft Visual Studio Solution File, Format Version 12.00
# Visual Studio Version 17
VisualStudioVersion = 17.3.32611.2
MinimumVisualStudioVersion = 10.0.40219.1
Project("{FAE04EC0-301F-11D3-BF4B-00C04F79EFBC}") = "TripinApi.Console", "TripinApi.Console\TripinApi.Console.csproj", "{A181D4E8-7D5C-4387-8529-6FFFF9FB7BC4}"
EndProject
Global
	GlobalSection(SolutionConfigurationPlatforms) = preSolution
		Debug|Any CPU = Debug|Any CPU
		Release|Any CPU = Release|Any CPU
	EndGlobalSection
	GlobalSection(ProjectConfigurationPlatforms) = postSolution
		{A181D4E8-7D5C-4387-8529-6FFFF9FB7BC4}.Debug|Any CPU.ActiveCfg = Debug|Any CPU
		{A181D4E8-7D5C-4387-8529-6FFFF9FB7BC4}.Debug|Any CPU.Build.0 = Debug|Any CPU
		{A181D4E8-7D5C-4387-8529-6FFFF9FB7BC4}.Release|Any CPU.ActiveCfg = Release|Any CPU
		{A181D4E8-7D5C-4387-8529-6FFFF9FB7BC4}.Release|Any CPU.Build.0 = Release|Any CPU
	EndGlobalSection
	GlobalSection(SolutionProperties) = preSolution
		HideSolutionNode = FALSE
	EndGlobalSection
	GlobalSection(ExtensibilityGlobals) = postSolution
		SolutionGuid = {79F6E055-475A-47EE-8669-BC962298044A}
	EndGlobalSection
EndGlobal
